
Microsoft Visual Studio Solution File, Format Version 12.00
# Visual Studio Version 16
VisualStudioVersion = 16.0.30413.136
MinimumVisualStudioVersion = 10.0.40219.1
Project("{FAE04EC0-301F-11D3-BF4B-00C04F79EFBC}") = "FietsDemo", "FietsDemo\FietsDemo\FietsDemo.csproj", "{DEC0782D-D22F-4F80-A2EF-77C887BF1D19}"
EndProject
Project("{FAE04EC0-301F-11D3-BF4B-00C04F79EFBC}") = "FietsSimulatorGUI", "Simulator\FietsSimulatorGUI.csproj", "{B4FE9C22-ABEB-46A0-8A6D-C80303D6914A}"
EndProject
Project("{FAE04EC0-301F-11D3-BF4B-00C04F79EFBC}") = "BikeSimulator", "BikeSimulator\BikeSimulator.csproj", "{49D5F759-1C8B-4925-A11D-93B4700230E1}"
EndProject
Global
	GlobalSection(SolutionConfigurationPlatforms) = preSolution
		Debug|Any CPU = Debug|Any CPU
		Release|Any CPU = Release|Any CPU
	EndGlobalSection
	GlobalSection(ProjectConfigurationPlatforms) = postSolution
		{DEC0782D-D22F-4F80-A2EF-77C887BF1D19}.Debug|Any CPU.ActiveCfg = Debug|Any CPU
		{DEC0782D-D22F-4F80-A2EF-77C887BF1D19}.Debug|Any CPU.Build.0 = Debug|Any CPU
		{DEC0782D-D22F-4F80-A2EF-77C887BF1D19}.Release|Any CPU.ActiveCfg = Release|Any CPU
		{DEC0782D-D22F-4F80-A2EF-77C887BF1D19}.Release|Any CPU.Build.0 = Release|Any CPU
		{B4FE9C22-ABEB-46A0-8A6D-C80303D6914A}.Debug|Any CPU.ActiveCfg = Debug|Any CPU
		{B4FE9C22-ABEB-46A0-8A6D-C80303D6914A}.Debug|Any CPU.Build.0 = Debug|Any CPU
		{B4FE9C22-ABEB-46A0-8A6D-C80303D6914A}.Release|Any CPU.ActiveCfg = Release|Any CPU
		{B4FE9C22-ABEB-46A0-8A6D-C80303D6914A}.Release|Any CPU.Build.0 = Release|Any CPU
		{49D5F759-1C8B-4925-A11D-93B4700230E1}.Debug|Any CPU.ActiveCfg = Debug|Any CPU
		{49D5F759-1C8B-4925-A11D-93B4700230E1}.Debug|Any CPU.Build.0 = Debug|Any CPU
		{49D5F759-1C8B-4925-A11D-93B4700230E1}.Release|Any CPU.ActiveCfg = Release|Any CPU
		{49D5F759-1C8B-4925-A11D-93B4700230E1}.Release|Any CPU.Build.0 = Release|Any CPU
	EndGlobalSection
	GlobalSection(SolutionProperties) = preSolution
		HideSolutionNode = FALSE
	EndGlobalSection
	GlobalSection(ExtensibilityGlobals) = postSolution
		SolutionGuid = {0898FDB2-CD0A-4CC8-8232-ED8C1A210AA6}
	EndGlobalSection
EndGlobal
